
Microsoft Visual Studio Solution File, Format Version 12.00
# Visual Studio Version 16
VisualStudioVersion = 16.0.29503.13
MinimumVisualStudioVersion = 10.0.40219.1
Project("{F184B08F-C81C-45F6-A57F-5ABD9991F28F}") = "WindowsApp2", "WindowsApp2\WindowsApp2.vbproj", "{2915696D-6AE4-42B5-8790-FCBD25904C19}"
EndProject
Global
	GlobalSection(SolutionConfigurationPlatforms) = preSolution
		Debug|Any CPU = Debug|Any CPU
		Release|Any CPU = Release|Any CPU
	EndGlobalSection
	GlobalSection(ProjectConfigurationPlatforms) = postSolution
		{2915696D-6AE4-42B5-8790-FCBD25904C19}.Debug|Any CPU.ActiveCfg = Debug|Any CPU
		{2915696D-6AE4-42B5-8790-FCBD25904C19}.Debug|Any CPU.Build.0 = Debug|Any CPU
		{2915696D-6AE4-42B5-8790-FCBD25904C19}.Release|Any CPU.ActiveCfg = Release|Any CPU
		{2915696D-6AE4-42B5-8790-FCBD25904C19}.Release|Any CPU.Build.0 = Release|Any CPU
	EndGlobalSection
	GlobalSection(SolutionProperties) = preSolution
		HideSolutionNode = FALSE
	EndGlobalSection
	GlobalSection(ExtensibilityGlobals) = postSolution
		SolutionGuid = {32B82E85-6FB7-43B0-8F91-4E68C9575FBD}
	EndGlobalSection
EndGlobal
